// !$*UTF8*$!
{
	archiveVersion = 1;
	classes = {
	};
	objectVersion = 51;
	objects = {

/* Begin PBXBuildFile section */
		2F6A2E2E108333EDDFB0EF53 /* Pods_FTS5Tests.framework in Frameworks */ = {isa = PBXBuildFile; fileRef = 24AA4F5DFA80A853E2CE18FE /* Pods_FTS5Tests.framework */; };
		354F166E25942016005F55D4 /* AppDelegate.swift in Sources */ = {isa = PBXBuildFile; fileRef = 354F166D25942016005F55D4 /* AppDelegate.swift */; };
		354F167025942016005F55D4 /* SceneDelegate.swift in Sources */ = {isa = PBXBuildFile; fileRef = 354F166F25942016005F55D4 /* SceneDelegate.swift */; };
		354F167225942016005F55D4 /* ViewController.swift in Sources */ = {isa = PBXBuildFile; fileRef = 354F167125942016005F55D4 /* ViewController.swift */; };
		354F167525942016005F55D4 /* Main.storyboard in Resources */ = {isa = PBXBuildFile; fileRef = 354F167325942016005F55D4 /* Main.storyboard */; };
		354F167725942017005F55D4 /* Assets.xcassets in Resources */ = {isa = PBXBuildFile; fileRef = 354F167625942017005F55D4 /* Assets.xcassets */; };
		354F167A25942017005F55D4 /* LaunchScreen.storyboard in Resources */ = {isa = PBXBuildFile; fileRef = 354F167825942017005F55D4 /* LaunchScreen.storyboard */; };
		354F168525942017005F55D4 /* FTS5Tests.swift in Sources */ = {isa = PBXBuildFile; fileRef = 354F168425942017005F55D4 /* FTS5Tests.swift */; };
		354F169025942017005F55D4 /* FTS5UITests.swift in Sources */ = {isa = PBXBuildFile; fileRef = 354F168F25942017005F55D4 /* FTS5UITests.swift */; };
		354F16AB25942104005F55D4 /* FTS.swift in Sources */ = {isa = PBXBuildFile; fileRef = 354F16AA25942104005F55D4 /* FTS.swift */; };
		354F16B22594224B005F55D4 /* FTSTokenizerBridge.m in Sources */ = {isa = PBXBuildFile; fileRef = 354F16B12594224B005F55D4 /* FTSTokenizerBridge.m */; };
		E994ED19A8AA7B43ECCCA56C /* Pods_FTS5.framework in Frameworks */ = {isa = PBXBuildFile; fileRef = 087FFB00A2ED764248F29FFD /* Pods_FTS5.framework */; };
/* End PBXBuildFile section */

/* Begin PBXContainerItemProxy section */
		354F168125942017005F55D4 /* PBXContainerItemProxy */ = {
			isa = PBXContainerItemProxy;
			containerPortal = 354F166225942016005F55D4 /* Project object */;
			proxyType = 1;
			remoteGlobalIDString = 354F166925942016005F55D4;
			remoteInfo = FTS5;
		};
		354F168C25942017005F55D4 /* PBXContainerItemProxy */ = {
			isa = PBXContainerItemProxy;
			containerPortal = 354F166225942016005F55D4 /* Project object */;
			proxyType = 1;
			remoteGlobalIDString = 354F166925942016005F55D4;
			remoteInfo = FTS5;
		};
/* End PBXContainerItemProxy section */

/* Begin PBXFileReference section */
		087FFB00A2ED764248F29FFD /* Pods_FTS5.framework */ = {isa = PBXFileReference; explicitFileType = wrapper.framework; includeInIndex = 0; path = Pods_FTS5.framework; sourceTree = BUILT_PRODUCTS_DIR; };
		24AA4F5DFA80A853E2CE18FE /* Pods_FTS5Tests.framework */ = {isa = PBXFileReference; explicitFileType = wrapper.framework; includeInIndex = 0; path = Pods_FTS5Tests.framework; sourceTree = BUILT_PRODUCTS_DIR; };
		2D372A6DF47DFB223B7E133A /* Pods-FTS5.debug.xcconfig */ = {isa = PBXFileReference; includeInIndex = 1; lastKnownFileType = text.xcconfig; name = "Pods-FTS5.debug.xcconfig"; path = "Target Support Files/Pods-FTS5/Pods-FTS5.debug.xcconfig"; sourceTree = "<group>"; };
		354F166A25942016005F55D4 /* FTS5.app */ = {isa = PBXFileReference; explicitFileType = wrapper.application; includeInIndex = 0; path = FTS5.app; sourceTree = BUILT_PRODUCTS_DIR; };
		354F166D25942016005F55D4 /* AppDelegate.swift */ = {isa = PBXFileReference; lastKnownFileType = sourcecode.swift; path = AppDelegate.swift; sourceTree = "<group>"; };
		354F166F25942016005F55D4 /* SceneDelegate.swift */ = {isa = PBXFileReference; lastKnownFileType = sourcecode.swift; path = SceneDelegate.swift; sourceTree = "<group>"; };
		354F167125942016005F55D4 /* ViewController.swift */ = {isa = PBXFileReference; lastKnownFileType = sourcecode.swift; path = ViewController.swift; sourceTree = "<group>"; };
		354F167425942016005F55D4 /* Base */ = {isa = PBXFileReference; lastKnownFileType = file.storyboard; name = Base; path = Base.lproj/Main.storyboard; sourceTree = "<group>"; };
		354F167625942017005F55D4 /* Assets.xcassets */ = {isa = PBXFileReference; lastKnownFileType = folder.assetcatalog; path = Assets.xcassets; sourceTree = "<group>"; };
		354F167925942017005F55D4 /* Base */ = {isa = PBXFileReference; lastKnownFileType = file.storyboard; name = Base; path = Base.lproj/LaunchScreen.storyboard; sourceTree = "<group>"; };
		354F167B25942017005F55D4 /* Info.plist */ = {isa = PBXFileReference; lastKnownFileType = text.plist.xml; path = Info.plist; sourceTree = "<group>"; };
		354F168025942017005F55D4 /* FTS5Tests.xctest */ = {isa = PBXFileReference; explicitFileType = wrapper.cfbundle; includeInIndex = 0; path = FTS5Tests.xctest; sourceTree = BUILT_PRODUCTS_DIR; };
		354F168425942017005F55D4 /* FTS5Tests.swift */ = {isa = PBXFileReference; lastKnownFileType = sourcecode.swift; path = FTS5Tests.swift; sourceTree = "<group>"; };
		354F168625942017005F55D4 /* Info.plist */ = {isa = PBXFileReference; lastKnownFileType = text.plist.xml; path = Info.plist; sourceTree = "<group>"; };
		354F168B25942017005F55D4 /* FTS5UITests.xctest */ = {isa = PBXFileReference; explicitFileType = wrapper.cfbundle; includeInIndex = 0; path = FTS5UITests.xctest; sourceTree = BUILT_PRODUCTS_DIR; };
		354F168F25942017005F55D4 /* FTS5UITests.swift */ = {isa = PBXFileReference; lastKnownFileType = sourcecode.swift; path = FTS5UITests.swift; sourceTree = "<group>"; };
		354F169125942017005F55D4 /* Info.plist */ = {isa = PBXFileReference; lastKnownFileType = text.plist.xml; path = Info.plist; sourceTree = "<group>"; };
		354F16AA25942104005F55D4 /* FTS.swift */ = {isa = PBXFileReference; lastKnownFileType = sourcecode.swift; path = FTS.swift; sourceTree = "<group>"; };
		354F16AF2594224B005F55D4 /* FTS5-Bridging-Header.h */ = {isa = PBXFileReference; lastKnownFileType = sourcecode.c.h; path = "FTS5-Bridging-Header.h"; sourceTree = "<group>"; };
		354F16B02594224B005F55D4 /* FTSTokenizerBridge.h */ = {isa = PBXFileReference; lastKnownFileType = sourcecode.c.h; path = FTSTokenizerBridge.h; sourceTree = "<group>"; };
		354F16B12594224B005F55D4 /* FTSTokenizerBridge.m */ = {isa = PBXFileReference; lastKnownFileType = sourcecode.c.objc; path = FTSTokenizerBridge.m; sourceTree = "<group>"; };
		4272BD9D92E75EEF2979CD6E /* Pods-FTS5Tests.release.xcconfig */ = {isa = PBXFileReference; includeInIndex = 1; lastKnownFileType = text.xcconfig; name = "Pods-FTS5Tests.release.xcconfig"; path = "Target Support Files/Pods-FTS5Tests/Pods-FTS5Tests.release.xcconfig"; sourceTree = "<group>"; };
		4C00FA148DDA9FA12BC9C4DC /* Pods-FTS5Tests.debug.xcconfig */ = {isa = PBXFileReference; includeInIndex = 1; lastKnownFileType = text.xcconfig; name = "Pods-FTS5Tests.debug.xcconfig"; path = "Target Support Files/Pods-FTS5Tests/Pods-FTS5Tests.debug.xcconfig"; sourceTree = "<group>"; };
		DD91E3357155A8D485A0EB3C /* Pods-FTS5.release.xcconfig */ = {isa = PBXFileReference; includeInIndex = 1; lastKnownFileType = text.xcconfig; name = "Pods-FTS5.release.xcconfig"; path = "Target Support Files/Pods-FTS5/Pods-FTS5.release.xcconfig"; sourceTree = "<group>"; };
/* End PBXFileReference section */

/* Begin PBXFrameworksBuildPhase section */
		354F166725942016005F55D4 /* Frameworks */ = {
			isa = PBXFrameworksBuildPhase;
			buildActionMask = 2147483647;
			files = (
				E994ED19A8AA7B43ECCCA56C /* Pods_FTS5.framework in Frameworks */,
			);
			runOnlyForDeploymentPostprocessing = 0;
		};
		354F167D25942017005F55D4 /* Frameworks */ = {
			isa = PBXFrameworksBuildPhase;
			buildActionMask = 2147483647;
			files = (
				2F6A2E2E108333EDDFB0EF53 /* Pods_FTS5Tests.framework in Frameworks */,
			);
			runOnlyForDeploymentPostprocessing = 0;
		};
		354F168825942017005F55D4 /* Frameworks */ = {
			isa = PBXFrameworksBuildPhase;
			buildActionMask = 2147483647;
			files = (
			);
			runOnlyForDeploymentPostprocessing = 0;
		};
/* End PBXFrameworksBuildPhase section */

/* Begin PBXGroup section */
		354F166125942016005F55D4 = {
			isa = PBXGroup;
			children = (
				354F166C25942016005F55D4 /* FTS5 */,
				354F168325942017005F55D4 /* FTS5Tests */,
				354F168E25942017005F55D4 /* FTS5UITests */,
				354F166B25942016005F55D4 /* Products */,
				BB96712A030355AE5D55ABB8 /* Pods */,
				E9D73E32794D6A245787FD01 /* Frameworks */,
			);
			sourceTree = "<group>";
		};
		354F166B25942016005F55D4 /* Products */ = {
			isa = PBXGroup;
			children = (
				354F166A25942016005F55D4 /* FTS5.app */,
				354F168025942017005F55D4 /* FTS5Tests.xctest */,
				354F168B25942017005F55D4 /* FTS5UITests.xctest */,
			);
			name = Products;
			sourceTree = "<group>";
		};
		354F166C25942016005F55D4 /* FTS5 */ = {
			isa = PBXGroup;
			children = (
				354F166D25942016005F55D4 /* AppDelegate.swift */,
				354F166F25942016005F55D4 /* SceneDelegate.swift */,
				354F167125942016005F55D4 /* ViewController.swift */,
				354F167325942016005F55D4 /* Main.storyboard */,
				354F167625942017005F55D4 /* Assets.xcassets */,
				354F167825942017005F55D4 /* LaunchScreen.storyboard */,
				354F167B25942017005F55D4 /* Info.plist */,
				354F16AA25942104005F55D4 /* FTS.swift */,
				354F16AF2594224B005F55D4 /* FTS5-Bridging-Header.h */,
				354F16B62594229B005F55D4 /* tokenizer */,
			);
			path = FTS5;
			sourceTree = "<group>";
		};
		354F168325942017005F55D4 /* FTS5Tests */ = {
			isa = PBXGroup;
			children = (
				354F168425942017005F55D4 /* FTS5Tests.swift */,
				354F168625942017005F55D4 /* Info.plist */,
			);
			path = FTS5Tests;
			sourceTree = "<group>";
		};
		354F168E25942017005F55D4 /* FTS5UITests */ = {
			isa = PBXGroup;
			children = (
				354F168F25942017005F55D4 /* FTS5UITests.swift */,
				354F169125942017005F55D4 /* Info.plist */,
			);
			path = FTS5UITests;
			sourceTree = "<group>";
		};
		354F16B62594229B005F55D4 /* tokenizer */ = {
			isa = PBXGroup;
			children = (
				354F16B02594224B005F55D4 /* FTSTokenizerBridge.h */,
				354F16B12594224B005F55D4 /* FTSTokenizerBridge.m */,
			);
			path = tokenizer;
			sourceTree = "<group>";
		};
		BB96712A030355AE5D55ABB8 /* Pods */ = {
			isa = PBXGroup;
			children = (
				2D372A6DF47DFB223B7E133A /* Pods-FTS5.debug.xcconfig */,
				DD91E3357155A8D485A0EB3C /* Pods-FTS5.release.xcconfig */,
				4C00FA148DDA9FA12BC9C4DC /* Pods-FTS5Tests.debug.xcconfig */,
				4272BD9D92E75EEF2979CD6E /* Pods-FTS5Tests.release.xcconfig */,
			);
			path = Pods;
			sourceTree = "<group>";
		};
		E9D73E32794D6A245787FD01 /* Frameworks */ = {
			isa = PBXGroup;
			children = (
				087FFB00A2ED764248F29FFD /* Pods_FTS5.framework */,
				24AA4F5DFA80A853E2CE18FE /* Pods_FTS5Tests.framework */,
			);
			name = Frameworks;
			sourceTree = "<group>";
		};
/* End PBXGroup section */

/* Begin PBXNativeTarget section */
		354F166925942016005F55D4 /* FTS5 */ = {
			isa = PBXNativeTarget;
			buildConfigurationList = 354F169425942017005F55D4 /* Build configuration list for PBXNativeTarget "FTS5" */;
			buildPhases = (
				B757062C96C79D6D7BD9C24D /* [CP] Check Pods Manifest.lock */,
				354F166625942016005F55D4 /* Sources */,
				354F166725942016005F55D4 /* Frameworks */,
				354F166825942016005F55D4 /* Resources */,
				45D6A5796129DCF5E391729D /* [CP] Embed Pods Frameworks */,
			);
			buildRules = (
			);
			dependencies = (
			);
			name = FTS5;
			productName = FTS5;
			productReference = 354F166A25942016005F55D4 /* FTS5.app */;
			productType = "com.apple.product-type.application";
		};
		354F167F25942017005F55D4 /* FTS5Tests */ = {
			isa = PBXNativeTarget;
			buildConfigurationList = 354F169725942017005F55D4 /* Build configuration list for PBXNativeTarget "FTS5Tests" */;
			buildPhases = (
				AE644547B29F2B8F2E7A11E5 /* [CP] Check Pods Manifest.lock */,
				354F167C25942017005F55D4 /* Sources */,
				354F167D25942017005F55D4 /* Frameworks */,
				354F167E25942017005F55D4 /* Resources */,
			);
			buildRules = (
			);
			dependencies = (
				354F168225942017005F55D4 /* PBXTargetDependency */,
			);
			name = FTS5Tests;
			productName = FTS5Tests;
			productReference = 354F168025942017005F55D4 /* FTS5Tests.xctest */;
			productType = "com.apple.product-type.bundle.unit-test";
		};
		354F168A25942017005F55D4 /* FTS5UITests */ = {
			isa = PBXNativeTarget;
			buildConfigurationList = 354F169A25942017005F55D4 /* Build configuration list for PBXNativeTarget "FTS5UITests" */;
			buildPhases = (
				354F168725942017005F55D4 /* Sources */,
				354F168825942017005F55D4 /* Frameworks */,
				354F168925942017005F55D4 /* Resources */,
			);
			buildRules = (
			);
			dependencies = (
				354F168D25942017005F55D4 /* PBXTargetDependency */,
			);
			name = FTS5UITests;
			productName = FTS5UITests;
			productReference = 354F168B25942017005F55D4 /* FTS5UITests.xctest */;
			productType = "com.apple.product-type.bundle.ui-testing";
		};
/* End PBXNativeTarget section */

/* Begin PBXProject section */
		354F166225942016005F55D4 /* Project object */ = {
			isa = PBXProject;
			attributes = {
				LastSwiftUpdateCheck = 1230;
				LastUpgradeCheck = 1230;
				TargetAttributes = {
					354F166925942016005F55D4 = {
						CreatedOnToolsVersion = 12.3;
						LastSwiftMigration = 1230;
					};
					354F167F25942017005F55D4 = {
						CreatedOnToolsVersion = 12.3;
						TestTargetID = 354F166925942016005F55D4;
					};
					354F168A25942017005F55D4 = {
						CreatedOnToolsVersion = 12.3;
						TestTargetID = 354F166925942016005F55D4;
					};
				};
			};
			buildConfigurationList = 354F166525942016005F55D4 /* Build configuration list for PBXProject "FTS5" */;
			compatibilityVersion = "Xcode 9.3";
			developmentRegion = en;
			hasScannedForEncodings = 0;
			knownRegions = (
				en,
				Base,
			);
			mainGroup = 354F166125942016005F55D4;
			productRefGroup = 354F166B25942016005F55D4 /* Products */;
			projectDirPath = "";
			projectRoot = "";
			targets = (
				354F166925942016005F55D4 /* FTS5 */,
				354F167F25942017005F55D4 /* FTS5Tests */,
				354F168A25942017005F55D4 /* FTS5UITests */,
			);
		};
/* End PBXProject section */

/* Begin PBXResourcesBuildPhase section */
		354F166825942016005F55D4 /* Resources */ = {
			isa = PBXResourcesBuildPhase;
			buildActionMask = 2147483647;
			files = (
				354F167A25942017005F55D4 /* LaunchScreen.storyboard in Resources */,
				354F167725942017005F55D4 /* Assets.xcassets in Resources */,
				354F167525942016005F55D4 /* Main.storyboard in Resources */,
			);
			runOnlyForDeploymentPostprocessing = 0;
		};
		354F167E25942017005F55D4 /* Resources */ = {
			isa = PBXResourcesBuildPhase;
			buildActionMask = 2147483647;
			files = (
			);
			runOnlyForDeploymentPostprocessing = 0;
		};
		354F168925942017005F55D4 /* Resources */ = {
			isa = PBXResourcesBuildPhase;
			buildActionMask = 2147483647;
			files = (
			);
			runOnlyForDeploymentPostprocessing = 0;
		};
/* End PBXResourcesBuildPhase section */

/* Begin PBXShellScriptBuildPhase section */
		45D6A5796129DCF5E391729D /* [CP] Embed Pods Frameworks */ = {
			isa = PBXShellScriptBuildPhase;
			buildActionMask = 2147483647;
			files = (
			);
			inputFileListPaths = (
				"${PODS_ROOT}/Target Support Files/Pods-FTS5/Pods-FTS5-frameworks-${CONFIGURATION}-input-files.xcfilelist",
			);
			name = "[CP] Embed Pods Frameworks";
			outputFileListPaths = (
				"${PODS_ROOT}/Target Support Files/Pods-FTS5/Pods-FTS5-frameworks-${CONFIGURATION}-output-files.xcfilelist",
			);
			runOnlyForDeploymentPostprocessing = 0;
			shellPath = /bin/sh;
			shellScript = "\"${PODS_ROOT}/Target Support Files/Pods-FTS5/Pods-FTS5-frameworks.sh\"\n";
			showEnvVarsInLog = 0;
		};
		AE644547B29F2B8F2E7A11E5 /* [CP] Check Pods Manifest.lock */ = {
			isa = PBXShellScriptBuildPhase;
			buildActionMask = 2147483647;
			files = (
			);
			inputFileListPaths = (
			);
			inputPaths = (
				"${PODS_PODFILE_DIR_PATH}/Podfile.lock",
				"${PODS_ROOT}/Manifest.lock",
			);
			name = "[CP] Check Pods Manifest.lock";
			outputFileListPaths = (
			);
			outputPaths = (
				"$(DERIVED_FILE_DIR)/Pods-FTS5Tests-checkManifestLockResult.txt",
			);
			runOnlyForDeploymentPostprocessing = 0;
			shellPath = /bin/sh;
			shellScript = "diff \"${PODS_PODFILE_DIR_PATH}/Podfile.lock\" \"${PODS_ROOT}/Manifest.lock\" > /dev/null\nif [ $? != 0 ] ; then\n    # print error to STDERR\n    echo \"error: The sandbox is not in sync with the Podfile.lock. Run 'pod install' or update your CocoaPods installation.\" >&2\n    exit 1\nfi\n# This output is used by Xcode 'outputs' to avoid re-running this script phase.\necho \"SUCCESS\" > \"${SCRIPT_OUTPUT_FILE_0}\"\n";
			showEnvVarsInLog = 0;
		};
		B757062C96C79D6D7BD9C24D /* [CP] Check Pods Manifest.lock */ = {
			isa = PBXShellScriptBuildPhase;
			buildActionMask = 2147483647;
			files = (
			);
			inputFileListPaths = (
			);
			inputPaths = (
				"${PODS_PODFILE_DIR_PATH}/Podfile.lock",
				"${PODS_ROOT}/Manifest.lock",
			);
			name = "[CP] Check Pods Manifest.lock";
			outputFileListPaths = (
			);
			outputPaths = (
				"$(DERIVED_FILE_DIR)/Pods-FTS5-checkManifestLockResult.txt",
			);
			runOnlyForDeploymentPostprocessing = 0;
			shellPath = /bin/sh;
			shellScript = "diff \"${PODS_PODFILE_DIR_PATH}/Podfile.lock\" \"${PODS_ROOT}/Manifest.lock\" > /dev/null\nif [ $? != 0 ] ; then\n    # print error to STDERR\n    echo \"error: The sandbox is not in sync with the Podfile.lock. Run 'pod install' or update your CocoaPods installation.\" >&2\n    exit 1\nfi\n# This output is used by Xcode 'outputs' to avoid re-running this script phase.\necho \"SUCCESS\" > \"${SCRIPT_OUTPUT_FILE_0}\"\n";
			showEnvVarsInLog = 0;
		};
/* End PBXShellScriptBuildPhase section */

/* Begin PBXSourcesBuildPhase section */
		354F166625942016005F55D4 /* Sources */ = {
			isa = PBXSourcesBuildPhase;
			buildActionMask = 2147483647;
			files = (
				354F16B22594224B005F55D4 /* FTSTokenizerBridge.m in Sources */,
				354F167225942016005F55D4 /* ViewController.swift in Sources */,
				354F16AB25942104005F55D4 /* FTS.swift in Sources */,
				354F166E25942016005F55D4 /* AppDelegate.swift in Sources */,
				354F167025942016005F55D4 /* SceneDelegate.swift in Sources */,
			);
			runOnlyForDeploymentPostprocessing = 0;
		};
		354F167C25942017005F55D4 /* Sources */ = {
			isa = PBXSourcesBuildPhase;
			buildActionMask = 2147483647;
			files = (
				354F168525942017005F55D4 /* FTS5Tests.swift in Sources */,
			);
			runOnlyForDeploymentPostprocessing = 0;
		};
		354F168725942017005F55D4 /* Sources */ = {
			isa = PBXSourcesBuildPhase;
			buildActionMask = 2147483647;
			files = (
				354F169025942017005F55D4 /* FTS5UITests.swift in Sources */,
			);
			runOnlyForDeploymentPostprocessing = 0;
		};
/* End PBXSourcesBuildPhase section */

/* Begin PBXTargetDependency section */
		354F168225942017005F55D4 /* PBXTargetDependency */ = {
			isa = PBXTargetDependency;
			target = 354F166925942016005F55D4 /* FTS5 */;
			targetProxy = 354F168125942017005F55D4 /* PBXContainerItemProxy */;
		};
		354F168D25942017005F55D4 /* PBXTargetDependency */ = {
			isa = PBXTargetDependency;
			target = 354F166925942016005F55D4 /* FTS5 */;
			targetProxy = 354F168C25942017005F55D4 /* PBXContainerItemProxy */;
		};
/* End PBXTargetDependency section */

/* Begin PBXVariantGroup section */
		354F167325942016005F55D4 /* Main.storyboard */ = {
			isa = PBXVariantGroup;
			children = (
				354F167425942016005F55D4 /* Base */,
			);
			name = Main.storyboard;
			sourceTree = "<group>";
		};
		354F167825942017005F55D4 /* LaunchScreen.storyboard */ = {
			isa = PBXVariantGroup;
			children = (
				354F167925942017005F55D4 /* Base */,
			);
			name = LaunchScreen.storyboard;
			sourceTree = "<group>";
		};
/* End PBXVariantGroup section */

/* Begin XCBuildConfiguration section */
		354F169225942017005F55D4 /* Debug */ = {
			isa = XCBuildConfiguration;
			buildSettings = {
				ALWAYS_SEARCH_USER_PATHS = NO;
				CLANG_ANALYZER_NONNULL = YES;
				CLANG_ANALYZER_NUMBER_OBJECT_CONVERSION = YES_AGGRESSIVE;
				CLANG_CXX_LANGUAGE_STANDARD = "gnu++14";
				CLANG_CXX_LIBRARY = "libc++";
				CLANG_ENABLE_MODULES = YES;
				CLANG_ENABLE_OBJC_ARC = YES;
				CLANG_ENABLE_OBJC_WEAK = YES;
				CLANG_WARN_BLOCK_CAPTURE_AUTORELEASING = YES;
				CLANG_WARN_BOOL_CONVERSION = YES;
				CLANG_WARN_COMMA = YES;
				CLANG_WARN_CONSTANT_CONVERSION = YES;
				CLANG_WARN_DEPRECATED_OBJC_IMPLEMENTATIONS = YES;
				CLANG_WARN_DIRECT_OBJC_ISA_USAGE = YES_ERROR;
				CLANG_WARN_DOCUMENTATION_COMMENTS = YES;
				CLANG_WARN_EMPTY_BODY = YES;
				CLANG_WARN_ENUM_CONVERSION = YES;
				CLANG_WARN_INFINITE_RECURSION = YES;
				CLANG_WARN_INT_CONVERSION = YES;
				CLANG_WARN_NON_LITERAL_NULL_CONVERSION = YES;
				CLANG_WARN_OBJC_IMPLICIT_RETAIN_SELF = YES;
				CLANG_WARN_OBJC_LITERAL_CONVERSION = YES;
				CLANG_WARN_OBJC_ROOT_CLASS = YES_ERROR;
				CLANG_WARN_QUOTED_INCLUDE_IN_FRAMEWORK_HEADER = YES;
				CLANG_WARN_RANGE_LOOP_ANALYSIS = YES;
				CLANG_WARN_STRICT_PROTOTYPES = YES;
				CLANG_WARN_SUSPICIOUS_MOVE = YES;
				CLANG_WARN_UNGUARDED_AVAILABILITY = YES_AGGRESSIVE;
				CLANG_WARN_UNREACHABLE_CODE = YES;
				CLANG_WARN__DUPLICATE_METHOD_MATCH = YES;
				COPY_PHASE_STRIP = NO;
				DEBUG_INFORMATION_FORMAT = dwarf;
				ENABLE_STRICT_OBJC_MSGSEND = YES;
				ENABLE_TESTABILITY = YES;
				GCC_C_LANGUAGE_STANDARD = gnu11;
				GCC_DYNAMIC_NO_PIC = NO;
				GCC_NO_COMMON_BLOCKS = YES;
				GCC_OPTIMIZATION_LEVEL = 0;
				GCC_PREPROCESSOR_DEFINITIONS = (
					"DEBUG=1",
					"$(inherited)",
				);
				GCC_WARN_64_TO_32_BIT_CONVERSION = YES;
				GCC_WARN_ABOUT_RETURN_TYPE = YES_ERROR;
				GCC_WARN_UNDECLARED_SELECTOR = YES;
				GCC_WARN_UNINITIALIZED_AUTOS = YES_AGGRESSIVE;
				GCC_WARN_UNUSED_FUNCTION = YES;
				GCC_WARN_UNUSED_VARIABLE = YES;
				IPHONEOS_DEPLOYMENT_TARGET = 14.3;
				MTL_ENABLE_DEBUG_INFO = INCLUDE_SOURCE;
				MTL_FAST_MATH = YES;
				ONLY_ACTIVE_ARCH = YES;
				SDKROOT = iphoneos;
				SWIFT_ACTIVE_COMPILATION_CONDITIONS = DEBUG;
				SWIFT_OPTIMIZATION_LEVEL = "-Onone";
			};
			name = Debug;
		};
		354F169325942017005F55D4 /* Release */ = {
			isa = XCBuildConfiguration;
			buildSettings = {
				ALWAYS_SEARCH_USER_PATHS = NO;
				CLANG_ANALYZER_NONNULL = YES;
				CLANG_ANALYZER_NUMBER_OBJECT_CONVERSION = YES_AGGRESSIVE;
				CLANG_CXX_LANGUAGE_STANDARD = "gnu++14";
				CLANG_CXX_LIBRARY = "libc++";
				CLANG_ENABLE_MODULES = YES;
				CLANG_ENABLE_OBJC_ARC = YES;
				CLANG_ENABLE_OBJC_WEAK = YES;
				CLANG_WARN_BLOCK_CAPTURE_AUTORELEASING = YES;
				CLANG_WARN_BOOL_CONVERSION = YES;
				CLANG_WARN_COMMA = YES;
				CLANG_WARN_CONSTANT_CONVERSION = YES;
				CLANG_WARN_DEPRECATED_OBJC_IMPLEMENTATIONS = YES;
				CLANG_WARN_DIRECT_OBJC_ISA_USAGE = YES_ERROR;
				CLANG_WARN_DOCUMENTATION_COMMENTS = YES;
				CLANG_WARN_EMPTY_BODY = YES;
				CLANG_WARN_ENUM_CONVERSION = YES;
				CLANG_WARN_INFINITE_RECURSION = YES;
				CLANG_WARN_INT_CONVERSION = YES;
				CLANG_WARN_NON_LITERAL_NULL_CONVERSION = YES;
				CLANG_WARN_OBJC_IMPLICIT_RETAIN_SELF = YES;
				CLANG_WARN_OBJC_LITERAL_CONVERSION = YES;
				CLANG_WARN_OBJC_ROOT_CLASS = YES_ERROR;
				CLANG_WARN_QUOTED_INCLUDE_IN_FRAMEWORK_HEADER = YES;
				CLANG_WARN_RANGE_LOOP_ANALYSIS = YES;
				CLANG_WARN_STRICT_PROTOTYPES = YES;
				CLANG_WARN_SUSPICIOUS_MOVE = YES;
				CLANG_WARN_UNGUARDED_AVAILABILITY = YES_AGGRESSIVE;
				CLANG_WARN_UNREACHABLE_CODE = YES;
				CLANG_WARN__DUPLICATE_METHOD_MATCH = YES;
				COPY_PHASE_STRIP = NO;
				DEBUG_INFORMATION_FORMAT = "dwarf-with-dsym";
				ENABLE_NS_ASSERTIONS = NO;
				ENABLE_STRICT_OBJC_MSGSEND = YES;
				GCC_C_LANGUAGE_STANDARD = gnu11;
				GCC_NO_COMMON_BLOCKS = YES;
				GCC_WARN_64_TO_32_BIT_CONVERSION = YES;
				GCC_WARN_ABOUT_RETURN_TYPE = YES_ERROR;
				GCC_WARN_UNDECLARED_SELECTOR = YES;
				GCC_WARN_UNINITIALIZED_AUTOS = YES_AGGRESSIVE;
				GCC_WARN_UNUSED_FUNCTION = YES;
				GCC_WARN_UNUSED_VARIABLE = YES;
				IPHONEOS_DEPLOYMENT_TARGET = 14.3;
				MTL_ENABLE_DEBUG_INFO = NO;
				MTL_FAST_MATH = YES;
				SDKROOT = iphoneos;
				SWIFT_COMPILATION_MODE = wholemodule;
				SWIFT_OPTIMIZATION_LEVEL = "-O";
				VALIDATE_PRODUCT = YES;
			};
			name = Release;
		};
		354F169525942017005F55D4 /* Debug */ = {
			isa = XCBuildConfiguration;
			baseConfigurationReference = 2D372A6DF47DFB223B7E133A /* Pods-FTS5.debug.xcconfig */;
			buildSettings = {
				ASSETCATALOG_COMPILER_APPICON_NAME = AppIcon;
				ASSETCATALOG_COMPILER_GLOBAL_ACCENT_COLOR_NAME = AccentColor;
				CLANG_ENABLE_MODULES = YES;
				CODE_SIGN_STYLE = Automatic;
				DEVELOPMENT_TEAM = 767NHGRHZ6;
				INFOPLIST_FILE = FTS5/Info.plist;
				LD_RUNPATH_SEARCH_PATHS = (
					"$(inherited)",
					"@executable_path/Frameworks",
				);
				PRODUCT_BUNDLE_IDENTIFIER = com.maimemo.leon.FTS5;
				PRODUCT_NAME = "$(TARGET_NAME)";
				SWIFT_OBJC_BRIDGING_HEADER = "FTS5/FTS5-Bridging-Header.h";
				SWIFT_OPTIMIZATION_LEVEL = "-Onone";
				SWIFT_VERSION = 5.0;
				TARGETED_DEVICE_FAMILY = "1,2";
			};
			name = Debug;
		};
		354F169625942017005F55D4 /* Release */ = {
			isa = XCBuildConfiguration;
			baseConfigurationReference = DD91E3357155A8D485A0EB3C /* Pods-FTS5.release.xcconfig */;
			buildSettings = {
				ASSETCATALOG_COMPILER_APPICON_NAME = AppIcon;
				ASSETCATALOG_COMPILER_GLOBAL_ACCENT_COLOR_NAME = AccentColor;
				CLANG_ENABLE_MODULES = YES;
				CODE_SIGN_STYLE = Automatic;
				DEVELOPMENT_TEAM = 767NHGRHZ6;
				INFOPLIST_FILE = FTS5/Info.plist;
				LD_RUNPATH_SEARCH_PATHS = (
					"$(inherited)",
					"@executable_path/Frameworks",
				);
				PRODUCT_BUNDLE_IDENTIFIER = com.maimemo.leon.FTS5;
				PRODUCT_NAME = "$(TARGET_NAME)";
				SWIFT_OBJC_BRIDGING_HEADER = "FTS5/FTS5-Bridging-Header.h";
				SWIFT_VERSION = 5.0;
				TARGETED_DEVICE_FAMILY = "1,2";
			};
			name = Release;
		};
		354F169825942017005F55D4 /* Debug */ = {
			isa = XCBuildConfiguration;
			baseConfigurationReference = 4C00FA148DDA9FA12BC9C4DC /* Pods-FTS5Tests.debug.xcconfig */;
			buildSettings = {
				ALWAYS_EMBED_SWIFT_STANDARD_LIBRARIES = YES;
				BUNDLE_LOADER = "$(TEST_HOST)";
				CODE_SIGN_STYLE = Automatic;
				DEVELOPMENT_TEAM = 767NHGRHZ6;
				INFOPLIST_FILE = FTS5Tests/Info.plist;
				IPHONEOS_DEPLOYMENT_TARGET = 14.3;
				LD_RUNPATH_SEARCH_PATHS = (
					"$(inherited)",
					"@executable_path/Frameworks",
					"@loader_path/Frameworks",
				);
				PRODUCT_BUNDLE_IDENTIFIER = com.maimemo.leon.FTS5Tests;
				PRODUCT_NAME = "$(TARGET_NAME)";
				SWIFT_VERSION = 5.0;
				TARGETED_DEVICE_FAMILY = "1,2";
				TEST_HOST = "$(BUILT_PRODUCTS_DIR)/FTS5.app/FTS5";
			};
			name = Debug;
		};
		354F169925942017005F55D4 /* Release */ = {
			isa = XCBuildConfiguration;
			baseConfigurationReference = 4272BD9D92E75EEF2979CD6E /* Pods-FTS5Tests.release.xcconfig */;
			buildSettings = {
				ALWAYS_EMBED_SWIFT_STANDARD_LIBRARIES = YES;
				BUNDLE_LOADER = "$(TEST_HOST)";
				CODE_SIGN_STYLE = Automatic;
				DEVELOPMENT_TEAM = 767NHGRHZ6;
				INFOPLIST_FILE = FTS5Tests/Info.plist;
				IPHONEOS_DEPLOYMENT_TARGET = 14.3;
				LD_RUNPATH_SEARCH_PATHS = (
					"$(inherited)",
					"@executable_path/Frameworks",
					"@loader_path/Frameworks",
				);
				PRODUCT_BUNDLE_IDENTIFIER = com.maimemo.leon.FTS5Tests;
				PRODUCT_NAME = "$(TARGET_NAME)";
				SWIFT_VERSION = 5.0;
				TARGETED_DEVICE_FAMILY = "1,2";
				TEST_HOST = "$(BUILT_PRODUCTS_DIR)/FTS5.app/FTS5";
			};
			name = Release;
		};
		354F169B25942017005F55D4 /* Debug */ = {
			isa = XCBuildConfiguration;
			buildSettings = {
				ALWAYS_EMBED_SWIFT_STANDARD_LIBRARIES = YES;
				CODE_SIGN_STYLE = Automatic;
				DEVELOPMENT_TEAM = 767NHGRHZ6;
				INFOPLIST_FILE = FTS5UITests/Info.plist;
				LD_RUNPATH_SEARCH_PATHS = (
					"$(inherited)",
					"@executable_path/Frameworks",
					"@loader_path/Frameworks",
				);
				PRODUCT_BUNDLE_IDENTIFIER = com.maimemo.leon.FTS5UITests;
				PRODUCT_NAME = "$(TARGET_NAME)";
				SWIFT_VERSION = 5.0;
				TARGETED_DEVICE_FAMILY = "1,2";
				TEST_TARGET_NAME = FTS5;
			};
			name = Debug;
		};
		354F169C25942017005F55D4 /* Release */ = {
			isa = XCBuildConfiguration;
			buildSettings = {
				ALWAYS_EMBED_SWIFT_STANDARD_LIBRARIES = YES;
				CODE_SIGN_STYLE = Automatic;
				DEVELOPMENT_TEAM = 767NHGRHZ6;
				INFOPLIST_FILE = FTS5UITests/Info.plist;
				LD_RUNPATH_SEARCH_PATHS = (
					"$(inherited)",
					"@executable_path/Frameworks",
					"@loader_path/Frameworks",
				);
				PRODUCT_BUNDLE_IDENTIFIER = com.maimemo.leon.FTS5UITests;
				PRODUCT_NAME = "$(TARGET_NAME)";
				SWIFT_VERSION = 5.0;
				TARGETED_DEVICE_FAMILY = "1,2";
				TEST_TARGET_NAME = FTS5;
			};
			name = Release;
		};
/* End XCBuildConfiguration section */

/* Begin XCConfigurationList section */
		354F166525942016005F55D4 /* Build configuration list for PBXProject "FTS5" */ = {
			isa = XCConfigurationList;
			buildConfigurations = (
				354F169225942017005F55D4 /* Debug */,
				354F169325942017005F55D4 /* Release */,
			);
			defaultConfigurationIsVisible = 0;
			defaultConfigurationName = Release;
		};
		354F169425942017005F55D4 /* Build configuration list for PBXNativeTarget "FTS5" */ = {
			isa = XCConfigurationList;
			buildConfigurations = (
				354F169525942017005F55D4 /* Debug */,
				354F169625942017005F55D4 /* Release */,
			);
			defaultConfigurationIsVisible = 0;
			defaultConfigurationName = Release;
		};
		354F169725942017005F55D4 /* Build configuration list for PBXNativeTarget "FTS5Tests" */ = {
			isa = XCConfigurationList;
			buildConfigurations = (
				354F169825942017005F55D4 /* Debug */,
				354F169925942017005F55D4 /* Release */,
			);
			defaultConfigurationIsVisible = 0;
			defaultConfigurationName = Release;
		};
		354F169A25942017005F55D4 /* Build configuration list for PBXNativeTarget "FTS5UITests" */ = {
			isa = XCConfigurationList;
			buildConfigurations = (
				354F169B25942017005F55D4 /* Debug */,
				354F169C25942017005F55D4 /* Release */,
			);
			defaultConfigurationIsVisible = 0;
			defaultConfigurationName = Release;
		};
/* End XCConfigurationList section */
	};
	rootObject = 354F166225942016005F55D4 /* Project object */;
}
